
Microsoft Visual Studio Solution File, Format Version 12.00
# Visual Studio Version 16
VisualStudioVersion = 16.0.31911.196
MinimumVisualStudioVersion = 10.0.40219.1
Project("{FAE04EC0-301F-11D3-BF4B-00C04F79EFBC}") = "ListPostsByRating", "ListPostsByRating.csproj", "{72665CD0-50A5-478B-A547-F4E49B2FCD81}"
EndProject
Global
	GlobalSection(SolutionConfigurationPlatforms) = preSolution
		Debug|Any CPU = Debug|Any CPU
		Release|Any CPU = Release|Any CPU
	EndGlobalSection
	GlobalSection(ProjectConfigurationPlatforms) = postSolution
		{72665CD0-50A5-478B-A547-F4E49B2FCD81}.Debug|Any CPU.ActiveCfg = Debug|Any CPU
		{72665CD0-50A5-478B-A547-F4E49B2FCD81}.Debug|Any CPU.Build.0 = Debug|Any CPU
		{72665CD0-50A5-478B-A547-F4E49B2FCD81}.Release|Any CPU.ActiveCfg = Release|Any CPU
		{72665CD0-50A5-478B-A547-F4E49B2FCD81}.Release|Any CPU.Build.0 = Release|Any CPU
	EndGlobalSection
	GlobalSection(SolutionProperties) = preSolution
		HideSolutionNode = FALSE
	EndGlobalSection
	GlobalSection(ExtensibilityGlobals) = postSolution
		SolutionGuid = {EF6177B7-0178-43F7-A78C-EE84AA5618F6}
	EndGlobalSection
EndGlobal
